github.com/golang/glog v1.1.1 h1:jxpi2eWoU84wbX9iIEyAeeoac3FLuifZpY9tcNUD9kw=
github.com/golang/glog v1.1.1/go.mod h1:zR+okUeTbrL6EL3xHUDxZuEtGv04p5shwip1+mL/rLQ=
github.com/google/gops v0.3.27 h1:BDdWfedShsBbeatZ820oA4DbVOC8yJ4NI8xAlDFWfgI=
github.com/google/gops v0.3.27/go.mod h1:lYqabmfnq4Q6UumWNx96Hjup5BDAVc8zmfIy0SkNCSk=
golang.org/x/sys v0.8.0 h1:EBmGv8NaZBZTWvrbjNoL6HVt+IVy3QDQpJs7VRIw3tU=
golang.org/x/sys v0.8.0/go.mod h1:oPkhp1MJrh7nUepCBck5+mAzfO9JrbApNNgaTdGDITg=
